
Microsoft Visual Studio Solution File, Format Version 12.00
Project("{FAE04EC0-301F-11D3-BF4B-00C04F79EFBC}") = "MergeSortedArrays", "MergeSortedArrays\MergeSortedArrays.csproj", "{F2BF7BB0-C65D-4940-97BD-386B7193622A}"
EndProject
Project("{FAE04EC0-301F-11D3-BF4B-00C04F79EFBC}") = "TwoSum", "TwoSum\TwoSum.csproj", "{FFA20ED2-0DCB-429A-B5D3-C67DE2CFFE34}"
EndProject
Project("{FAE04EC0-301F-11D3-BF4B-00C04F79EFBC}") = "AddTwoNumsLinkedList", "AddTwoNumsLinkedList\AddTwoNumsLinkedList.csproj", "{86F05BF5-0FB0-428B-B90E-73BB6C7A7ED0}"
EndProject
Global
	GlobalSection(SolutionConfigurationPlatforms) = preSolution
		Debug|Any CPU = Debug|Any CPU
		Release|Any CPU = Release|Any CPU
	EndGlobalSection
	GlobalSection(ProjectConfigurationPlatforms) = postSolution
		{F2BF7BB0-C65D-4940-97BD-386B7193622A}.Debug|Any CPU.ActiveCfg = Debug|Any CPU
		{F2BF7BB0-C65D-4940-97BD-386B7193622A}.Debug|Any CPU.Build.0 = Debug|Any CPU
		{F2BF7BB0-C65D-4940-97BD-386B7193622A}.Release|Any CPU.ActiveCfg = Release|Any CPU
		{F2BF7BB0-C65D-4940-97BD-386B7193622A}.Release|Any CPU.Build.0 = Release|Any CPU
		{FFA20ED2-0DCB-429A-B5D3-C67DE2CFFE34}.Debug|Any CPU.ActiveCfg = Debug|Any CPU
		{FFA20ED2-0DCB-429A-B5D3-C67DE2CFFE34}.Debug|Any CPU.Build.0 = Debug|Any CPU
		{FFA20ED2-0DCB-429A-B5D3-C67DE2CFFE34}.Release|Any CPU.ActiveCfg = Release|Any CPU
		{FFA20ED2-0DCB-429A-B5D3-C67DE2CFFE34}.Release|Any CPU.Build.0 = Release|Any CPU
		{86F05BF5-0FB0-428B-B90E-73BB6C7A7ED0}.Debug|Any CPU.ActiveCfg = Debug|Any CPU
		{86F05BF5-0FB0-428B-B90E-73BB6C7A7ED0}.Debug|Any CPU.Build.0 = Debug|Any CPU
		{86F05BF5-0FB0-428B-B90E-73BB6C7A7ED0}.Release|Any CPU.ActiveCfg = Release|Any CPU
		{86F05BF5-0FB0-428B-B90E-73BB6C7A7ED0}.Release|Any CPU.Build.0 = Release|Any CPU
	EndGlobalSection
EndGlobal
